{
  "requires": true,
  "lockfileVersion": 1,
  "dependencies": {
    "c-when": {
      "version": "3.0.1",
      "resolved": "https://registry.npmjs.org/c-when/-/c-when-3.0.1.tgz",
      "integrity": "sha512-X9nliueEQ7y2FBG4+Qur8YcznbBQVLxfdQhgnIlfyXDMJM7LOQDmgRu2jE+k1MAUn+BlYhnFp8DUWibr5taEdA=="
    }
  }
}
